Microsoft Visual Studio Solution File, Format Version 12.00
# Visual Studio Version 17
VisualStudioVersion = 17.12.35527.113
MinimumVisualStudioVersion = 10.0.40219.1
Project("{FAE04EC0-301F-11D3-BF4B-00C04F79EFBC}") = "ClaudeBridge.AppHost", "ClaudeBridge.AppHost\ClaudeBridge.AppHost.csproj", "{B2A3B8AC-5B4A-40E6-B478-2C192361BEEC}"
EndProject
Project("{FAE04EC0-301F-11D3-BF4B-00C04F79EFBC}") = "ClaudeBridge.ServiceDefaults", "ClaudeBridge.ServiceDefaults\ClaudeBridge.ServiceDefaults.csproj", "{F6790212-6D31-4C2C-B1EB-DFD3C9865F16}"
EndProject
Project("{FAE04EC0-301F-11D3-BF4B-00C04F79EFBC}") = "ClaudeBridge.ApiService", "ClaudeBridge.ApiService\ClaudeBridge.ApiService.csproj", "{CFD373A5-D51E-46FE-AC9E-26537F500079}"
EndProject
Project("{FAE04EC0-301F-11D3-BF4B-00C04F79EFBC}") = "ClaudeBridge.BaseMCP", "ClaudeBridge.BaseMCP\ClaudeBridge.BaseMCP.csproj", "{AA93C8E8-4223-4851-8C7A-C221D400E423}"
EndProject
Global
	GlobalSection(SolutionConfigurationPlatforms) = preSolution
		Debug|Any CPU = Debug|Any CPU
		Release|Any CPU = Release|Any CPU
	EndGlobalSection
	GlobalSection(ProjectConfigurationPlatforms) = postSolution
		{B2A3B8AC-5B4A-40E6-B478-2C192361BEEC}.Debug|Any CPU.ActiveCfg = Debug|Any CPU
		{B2A3B8AC-5B4A-40E6-B478-2C192361BEEC}.Debug|Any CPU.Build.0 = Debug|Any CPU
		{B2A3B8AC-5B4A-40E6-B478-2C192361BEEC}.Release|Any CPU.ActiveCfg = Release|Any CPU
		{B2A3B8AC-5B4A-40E6-B478-2C192361BEEC}.Release|Any CPU.Build.0 = Release|Any CPU
		{F6790212-6D31-4C2C-B1EB-DFD3C9865F16}.Debug|Any CPU.ActiveCfg = Debug|Any CPU
		{F6790212-6D31-4C2C-B1EB-DFD3C9865F16}.Debug|Any CPU.Build.0 = Debug|Any CPU
		{F6790212-6D31-4C2C-B1EB-DFD3C9865F16}.Release|Any CPU.ActiveCfg = Release|Any CPU
		{F6790212-6D31-4C2C-B1EB-DFD3C9865F16}.Release|Any CPU.Build.0 = Release|Any CPU
		{CFD373A5-D51E-46FE-AC9E-26537F500079}.Debug|Any CPU.ActiveCfg = Debug|Any CPU
		{CFD373A5-D51E-46FE-AC9E-26537F500079}.Debug|Any CPU.Build.0 = Debug|Any CPU
		{CFD373A5-D51E-46FE-AC9E-26537F500079}.Release|Any CPU.ActiveCfg = Release|Any CPU
		{CFD373A5-D51E-46FE-AC9E-26537F500079}.Release|Any CPU.Build.0 = Release|Any CPU
		{AA93C8E8-4223-4851-8C7A-C221D400E423}.Debug|Any CPU.ActiveCfg = Debug|Any CPU
		{AA93C8E8-4223-4851-8C7A-C221D400E423}.Debug|Any CPU.Build.0 = Debug|Any CPU
		{AA93C8E8-4223-4851-8C7A-C221D400E423}.Release|Any CPU.ActiveCfg = Release|Any CPU
		{AA93C8E8-4223-4851-8C7A-C221D400E423}.Release|Any CPU.Build.0 = Release|Any CPU
	EndGlobalSection
	GlobalSection(SolutionProperties) = preSolution
		HideSolutionNode = FALSE
	EndGlobalSection
EndGlobal
